{
    "_readme": [
        "This file locks the dependencies of your project to a known state",
        "Read more about it at https://getcomposer.org/doc/01-basic-usage.md#installing-dependencies",
        "This file is @generated automatically"
    ],
    "content-hash": "b329aea0ccbf25063f510a3ba49f5d98",
    "packages": [
        {
            "name": "kwaadpepper/chronopost-creneau",
            "version": "1.0.0",
            "source": {
                "type": "git",
                "url": "https://github.com/Kwaadpepper/chronopost-creneau.git",
                "reference": "b4fb326720e8347c53b6a3a1a33e2cfd3d6707b7"
            },
            "dist": {
                "type": "zip",
                "url": "https://api.github.com/repos/Kwaadpepper/chronopost-creneau/zipball/b4fb326720e8347c53b6a3a1a33e2cfd3d6707b7",
                "reference": "b4fb326720e8347c53b6a3a1a33e2cfd3d6707b7",
                "shasum": ""
            },
            "require": {
                "ext-dom": "*",
                "ext-mbstring": "*",
                "ext-soap": "*",
                "php": ">=7.4",
                "wsdltophp/packagebase": "~5.0"
            },
            "type": "library",
            "autoload": {
                "psr-4": {
                    "": "./src/"
                }
            },
            "notification-url": "https://packagist.org/downloads/",
            "license": [
                "MIT"
            ],
            "description": "Package generated from https://ws.chronopost.fr/rdv-cxf/services/CreneauServiceWS?wsdl using wsdltophp/packagegenerator",
            "homepage": "https://github.com/Kwaadpepper/chronopost-creneau",
            "support": {
                "issues": "https://github.com/Kwaadpepper/chronopost-creneau/issues",
                "source": "https://github.com/Kwaadpepper/chronopost-creneau/tree/1.0.0"
            },
            "time": "2022-12-23T10:33:35+00:00"
        },
        {
            "name": "kwaadpepper/chronopost-relay",
            "version": "1.0.0",
            "source": {
                "type": "git",
                "url": "https://github.com/Kwaadpepper/chronopost-relay.git",
                "reference": "2f1d779619de9d161f1d0c31ffa6fc6c13cb9104"
            },
            "dist": {
                "type": "zip",
                "url": "https://api.github.com/repos/Kwaadpepper/chronopost-relay/zipball/2f1d779619de9d161f1d0c31ffa6fc6c13cb9104",
                "reference": "2f1d779619de9d161f1d0c31ffa6fc6c13cb9104",
                "shasum": ""
            },
            "require": {
                "ext-dom": "*",
                "ext-mbstring": "*",
                "ext-soap": "*",
                "php": ">=7.4",
                "wsdltophp/packagebase": "~5.0"
            },
            "type": "library",
            "autoload": {
                "psr-4": {
                    "": "./src/"
                }
            },
            "notification-url": "https://packagist.org/downloads/",
            "license": [
                "MIT"
            ],
            "description": "Package generated from https://ws.chronopost.fr/recherchebt-ws-cxf/PointRelaisServiceWS?wsdl using wsdltophp/packagegenerator",
            "homepage": "https://github.com/Kwaadpepper/chronopost-relay",
            "support": {
                "issues": "https://github.com/Kwaadpepper/chronopost-relay/issues",
                "source": "https://github.com/Kwaadpepper/chronopost-relay/tree/1.0.0"
            },
            "time": "2022-12-23T10:14:30+00:00"
        },
        {
            "name": "kwaadpepper/chronopost-searchbt",
            "version": "1.0.0",
            "source": {
                "type": "git",
                "url": "https://github.com/Kwaadpepper/chronopost-searchbt.git",
                "reference": "c31f2f2b11385923f30807fa4384825796630f13"
            },
            "dist": {
                "type": "zip",
                "url": "https://api.github.com/repos/Kwaadpepper/chronopost-searchbt/zipball/c31f2f2b11385923f30807fa4384825796630f13",
                "reference": "c31f2f2b11385923f30807fa4384825796630f13",
                "shasum": ""
            },
            "require": {
                "ext-dom": "*",
                "ext-mbstring": "*",
                "ext-soap": "*",
                "php": ">=7.4",
                "wsdltophp/packagebase": "~5.0"
            },
            "type": "library",
            "autoload": {
                "psr-4": {
                    "": "./src/"
                }
            },
            "notification-url": "https://packagist.org/downloads/",
            "license": [
                "MIT"
            ],
            "description": "Package generated from https://ws.chronopost.fr/recherchebt-ws-cxf/PointRelaisServiceWS?wsdl using wsdltophp/packagegenerator",
            "homepage": "https://github.com/Kwaadpepper/chronopost-searchbt",
            "support": {
                "issues": "https://github.com/Kwaadpepper/chronopost-searchbt/issues",
                "source": "https://github.com/Kwaadpepper/chronopost-searchbt/tree/1.0.0"
            },
            "time": "2022-12-23T10:35:23+00:00"
        },
        {
            "name": "kwaadpepper/chronopost-shipping",
            "version": "1.0.0",
            "source": {
                "type": "git",
                "url": "https://github.com/Kwaadpepper/chronopost-shipping.git",
                "reference": "bac1df6f48d1f24c9e5311d48985a267a87b097f"
            },
            "dist": {
                "type": "zip",
                "url": "https://api.github.com/repos/Kwaadpepper/chronopost-shipping/zipball/bac1df6f48d1f24c9e5311d48985a267a87b097f",
                "reference": "bac1df6f48d1f24c9e5311d48985a267a87b097f",
                "shasum": ""
            },
            "require": {
                "ext-dom": "*",
                "ext-mbstring": "*",
                "ext-soap": "*",
                "php": ">=7.4",
                "wsdltophp/packagebase": "~5.0"
            },
            "type": "library",
            "autoload": {
                "psr-4": {
                    "": "./src/"
                }
            },
            "notification-url": "https://packagist.org/downloads/",
            "license": [
                "MIT"
            ],
            "description": "Package generated from https://ws.chronopost.fr/shipping-cxf/ShippingServiceWS?wsdl using wsdltophp/packagegenerator",
            "homepage": "https://github.com/Kwaadpepper/chronopost-shipping",
            "keywords": [
                "api",
                "chronopost",
                "lib",
                "shipping",
                "wsdl"
            ],
            "support": {
                "issues": "https://github.com/Kwaadpepper/chronopost-shipping/issues",
                "source": "https://github.com/Kwaadpepper/chronopost-shipping/tree/1.0.0"
            },
            "time": "2022-12-23T10:04:16+00:00"
        },
        {
            "name": "kwaadpepper/chronopost-tracking",
            "version": "1.0.0",
            "source": {
                "type": "git",
                "url": "https://github.com/Kwaadpepper/chronopost-tracking.git",
                "reference": "3ae300bdc09fbf51e5ec8950dbf03dc7f85c2e25"
            },
            "dist": {
                "type": "zip",
                "url": "https://api.github.com/repos/Kwaadpepper/chronopost-tracking/zipball/3ae300bdc09fbf51e5ec8950dbf03dc7f85c2e25",
                "reference": "3ae300bdc09fbf51e5ec8950dbf03dc7f85c2e25",
                "shasum": ""
            },
            "require": {
                "ext-dom": "*",
                "ext-mbstring": "*",
                "ext-soap": "*",
                "php": ">=7.4",
                "wsdltophp/packagebase": "~5.0"
            },
            "type": "library",
            "autoload": {
                "psr-4": {
                    "": "./src/"
                }
            },
            "notification-url": "https://packagist.org/downloads/",
            "license": [
                "MIT"
            ],
            "description": "Package generated from https://ws.chronopost.fr/tracking-cxf/TrackingServiceWS?wsdl using wsdltophp/packagegenerator",
            "homepage": "https://github.com/Kwaadpepper/chronopost-tracking",
            "support": {
                "issues": "https://github.com/Kwaadpepper/chronopost-tracking/issues",
                "source": "https://github.com/Kwaadpepper/chronopost-tracking/tree/1.0.0"
            },
            "time": "2022-12-23T10:31:06+00:00"
        },
        {
            "name": "wsdltophp/packagebase",
            "version": "5.0.4",
            "source": {
                "type": "git",
                "url": "https://github.com/WsdlToPhp/PackageBase.git",
                "reference": "d2ac19eec63714da3ef8b8eecd529922cb44e26d"
            },
            "dist": {
                "type": "zip",
                "url": "https://api.github.com/repos/WsdlToPhp/PackageBase/zipball/d2ac19eec63714da3ef8b8eecd529922cb44e26d",
                "reference": "d2ac19eec63714da3ef8b8eecd529922cb44e26d",
                "shasum": ""
            },
            "require": {
                "ext-dom": "*",
                "ext-json": "*",
                "ext-soap": "*",
                "php": ">=7.4"
            },
            "require-dev": {
                "friendsofphp/php-cs-fixer": "~3.0",
                "phpstan/phpstan": "^1.4",
                "phpunit/phpunit": "^9"
            },
            "type": "library",
            "autoload": {
                "psr-4": {
                    "WsdlToPhp\\PackageBase\\": "src"
                }
            },
            "notification-url": "https://packagist.org/downloads/",
            "license": [
                "MIT"
            ],
            "authors": [
                {
                    "name": "Mikaël DELSOL",
                    "email": "contact@wsdltophp.com",
                    "role": "Owner"
                },
                {
                    "name": "Luke Rodgers",
                    "email": "lukerodgers90@gmail.com",
                    "role": "Contributor"
                },
                {
                    "name": "Arthur Moore",
                    "email": "github@cd-net.net",
                    "role": "Contributor"
                },
                {
                    "name": "Necati Yared Ozal",
                    "email": "mail@necatiozal.com",
                    "role": "Contributor"
                },
                {
                    "name": "Gemorroj",
                    "email": "wapinet@mail.ru",
                    "role": "Contributor"
                },
                {
                    "name": "hordijk",
                    "role": "Contributor"
                },
                {
                    "name": "Jacob Dreesen",
                    "email": "jacob.dreesen@gmail.com",
                    "role": "Contributor"
                },
                {
                    "name": "Karl Pierce",
                    "email": "kpierce@ratespecial.com",
                    "role": "Contributor"
                },
                {
                    "name": "maurobn",
                    "role": "Contributor"
                },
                {
                    "name": "Christo Yovev",
                    "role": "Contributor"
                }
            ],
            "description": "Contains the base classes to be used by classes generated by wsdltophp/packagegenerator",
            "homepage": "https://github.com/WsdlToPhp/PackageBase",
            "keywords": [
                "models",
                "php"
            ],
            "support": {
                "email": "contact@wsdltophp.com",
                "issues": "https://github.com/WsdlToPhp/PackageBase/issues",
                "source": "https://github.com/WsdlToPhp/PackageBase/tree/5.0.4"
            },
            "time": "2024-02-05T22:04:31+00:00"
        }
    ],
    "packages-dev": [
        {
            "name": "dealerdirect/phpcodesniffer-composer-installer",
            "version": "v1.0.0",
            "source": {
                "type": "git",
                "url": "https://github.com/PHPCSStandards/composer-installer.git",
                "reference": "4be43904336affa5c2f70744a348312336afd0da"
            },
            "dist": {
                "type": "zip",
                "url": "https://api.github.com/repos/PHPCSStandards/composer-installer/zipball/4be43904336affa5c2f70744a348312336afd0da",
                "reference": "4be43904336affa5c2f70744a348312336afd0da",
                "shasum": ""
            },
            "require": {
                "composer-plugin-api": "^1.0 || ^2.0",
                "php": ">=5.4",
                "squizlabs/php_codesniffer": "^2.0 || ^3.1.0 || ^4.0"
            },
            "require-dev": {
                "composer/composer": "*",
                "ext-json": "*",
                "ext-zip": "*",
                "php-parallel-lint/php-parallel-lint": "^1.3.1",
                "phpcompatibility/php-compatibility": "^9.0",
                "yoast/phpunit-polyfills": "^1.0"
            },
            "type": "composer-plugin",
            "extra": {
                "class": "PHPCSStandards\\Composer\\Plugin\\Installers\\PHPCodeSniffer\\Plugin"
            },
            "autoload": {
                "psr-4": {
                    "PHPCSStandards\\Composer\\Plugin\\Installers\\PHPCodeSniffer\\": "src/"
                }
            },
            "notification-url": "https://packagist.org/downloads/",
            "license": [
                "MIT"
            ],
            "authors": [
                {
                    "name": "Franck Nijhof",
                    "email": "franck.nijhof@dealerdirect.com",
                    "homepage": "http://www.frenck.nl",
                    "role": "Developer / IT Manager"
                },
                {
                    "name": "Contributors",
                    "homepage": "https://github.com/PHPCSStandards/composer-installer/graphs/contributors"
                }
            ],
            "description": "PHP_CodeSniffer Standards Composer Installer Plugin",
            "homepage": "http://www.dealerdirect.com",
            "keywords": [
                "PHPCodeSniffer",
                "PHP_CodeSniffer",
                "code quality",
                "codesniffer",
                "composer",
                "installer",
                "phpcbf",
                "phpcs",
                "plugin",
                "qa",
                "quality",
                "standard",
                "standards",
                "style guide",
                "stylecheck",
                "tests"
            ],
            "support": {
                "issues": "https://github.com/PHPCSStandards/composer-installer/issues",
                "source": "https://github.com/PHPCSStandards/composer-installer"
            },
            "time": "2023-01-05T11:28:13+00:00"
        },
        {
            "name": "phpstan/phpdoc-parser",
            "version": "2.1.0",
            "source": {
                "type": "git",
                "url": "https://github.com/phpstan/phpdoc-parser.git",
                "reference": "9b30d6fd026b2c132b3985ce6b23bec09ab3aa68"
            },
            "dist": {
                "type": "zip",
                "url": "https://api.github.com/repos/phpstan/phpdoc-parser/zipball/9b30d6fd026b2c132b3985ce6b23bec09ab3aa68",
                "reference": "9b30d6fd026b2c132b3985ce6b23bec09ab3aa68",
                "shasum": ""
            },
            "require": {
                "php": "^7.4 || ^8.0"
            },
            "require-dev": {
                "doctrine/annotations": "^2.0",
                "nikic/php-parser": "^5.3.0",
                "php-parallel-lint/php-parallel-lint": "^1.2",
                "phpstan/extension-installer": "^1.0",
                "phpstan/phpstan": "^2.0",
                "phpstan/phpstan-phpunit": "^2.0",
                "phpstan/phpstan-strict-rules": "^2.0",
                "phpunit/phpunit": "^9.6",
                "symfony/process": "^5.2"
            },
            "type": "library",
            "autoload": {
                "psr-4": {
                    "PHPStan\\PhpDocParser\\": [
                        "src/"
                    ]
                }
            },
            "notification-url": "https://packagist.org/downloads/",
            "license": [
                "MIT"
            ],
            "description": "PHPDoc parser with support for nullable, intersection and generic types",
            "support": {
                "issues": "https://github.com/phpstan/phpdoc-parser/issues",
                "source": "https://github.com/phpstan/phpdoc-parser/tree/2.1.0"
            },
            "time": "2025-02-19T13:28:12+00:00"
        },
        {
            "name": "phpstan/phpstan",
            "version": "2.1.12",
            "source": {
                "type": "git",
                "url": "https://github.com/phpstan/phpstan.git",
                "reference": "96dde49e967c0c22812bcfa7bda4ff82c09f3b0c"
            },
            "dist": {
                "type": "zip",
                "url": "https://api.github.com/repos/phpstan/phpstan/zipball/96dde49e967c0c22812bcfa7bda4ff82c09f3b0c",
                "reference": "96dde49e967c0c22812bcfa7bda4ff82c09f3b0c",
                "shasum": ""
            },
            "require": {
                "php": "^7.4|^8.0"
            },
            "conflict": {
                "phpstan/phpstan-shim": "*"
            },
            "bin": [
                "phpstan",
                "phpstan.phar"
            ],
            "type": "library",
            "autoload": {
                "files": [
                    "bootstrap.php"
                ]
            },
            "notification-url": "https://packagist.org/downloads/",
            "license": [
                "MIT"
            ],
            "description": "PHPStan - PHP Static Analysis Tool",
            "keywords": [
                "dev",
                "static analysis"
            ],
            "support": {
                "docs": "https://phpstan.org/user-guide/getting-started",
                "forum": "https://github.com/phpstan/phpstan/discussions",
                "issues": "https://github.com/phpstan/phpstan/issues",
                "security": "https://github.com/phpstan/phpstan/security/policy",
                "source": "https://github.com/phpstan/phpstan-src"
            },
            "funding": [
                {
                    "url": "https://github.com/ondrejmirtes",
                    "type": "github"
                },
                {
                    "url": "https://github.com/phpstan",
                    "type": "github"
                }
            ],
            "time": "2025-04-16T13:19:18+00:00"
        },
        {
            "name": "slevomat/coding-standard",
            "version": "8.17.0",
            "source": {
                "type": "git",
                "url": "https://github.com/slevomat/coding-standard.git",
                "reference": "ace04a4e2e20c9bc26ad14d6c4c737cde6056ec0"
            },
            "dist": {
                "type": "zip",
                "url": "https://api.github.com/repos/slevomat/coding-standard/zipball/ace04a4e2e20c9bc26ad14d6c4c737cde6056ec0",
                "reference": "ace04a4e2e20c9bc26ad14d6c4c737cde6056ec0",
                "shasum": ""
            },
            "require": {
                "dealerdirect/phpcodesniffer-composer-installer": "^0.6.2 || ^0.7 || ^1.0",
                "php": "^7.4 || ^8.0",
                "phpstan/phpdoc-parser": "^2.1.0",
                "squizlabs/php_codesniffer": "^3.12.1"
            },
            "require-dev": {
                "phing/phing": "3.0.1",
                "php-parallel-lint/php-parallel-lint": "1.4.0",
                "phpstan/phpstan": "2.1.11",
                "phpstan/phpstan-deprecation-rules": "2.0.1",
                "phpstan/phpstan-phpunit": "2.0.6",
                "phpstan/phpstan-strict-rules": "2.0.4",
                "phpunit/phpunit": "9.6.8|10.5.45|11.4.4|11.5.17|12.1.2"
            },
            "type": "phpcodesniffer-standard",
            "extra": {
                "branch-alias": {
                    "dev-master": "8.x-dev"
                }
            },
            "autoload": {
                "psr-4": {
                    "SlevomatCodingStandard\\": "SlevomatCodingStandard/"
                }
            },
            "notification-url": "https://packagist.org/downloads/",
            "license": [
                "MIT"
            ],
            "description": "Slevomat Coding Standard for PHP_CodeSniffer complements Consistence Coding Standard by providing sniffs with additional checks.",
            "keywords": [
                "dev",
                "phpcs"
            ],
            "support": {
                "issues": "https://github.com/slevomat/coding-standard/issues",
                "source": "https://github.com/slevomat/coding-standard/tree/8.17.0"
            },
            "funding": [
                {
                    "url": "https://github.com/kukulich",
                    "type": "github"
                },
                {
                    "url": "https://tidelift.com/funding/github/packagist/slevomat/coding-standard",
                    "type": "tidelift"
                }
            ],
            "time": "2025-04-10T06:06:16+00:00"
        },
        {
            "name": "squizlabs/php_codesniffer",
            "version": "3.12.2",
            "source": {
                "type": "git",
                "url": "https://github.com/PHPCSStandards/PHP_CodeSniffer.git",
                "reference": "6d4cf6032d4b718f168c90a96e36c7d0eaacb2aa"
            },
            "dist": {
                "type": "zip",
                "url": "https://api.github.com/repos/PHPCSStandards/PHP_CodeSniffer/zipball/6d4cf6032d4b718f168c90a96e36c7d0eaacb2aa",
                "reference": "6d4cf6032d4b718f168c90a96e36c7d0eaacb2aa",
                "shasum": ""
            },
            "require": {
                "ext-simplexml": "*",
                "ext-tokenizer": "*",
                "ext-xmlwriter": "*",
                "php": ">=5.4.0"
            },
            "require-dev": {
                "phpunit/phpunit": "^4.0 || ^5.0 || ^6.0 || ^7.0 || ^8.0 || ^9.3.4"
            },
            "bin": [
                "bin/phpcbf",
                "bin/phpcs"
            ],
            "type": "library",
            "extra": {
                "branch-alias": {
                    "dev-master": "3.x-dev"
                }
            },
            "notification-url": "https://packagist.org/downloads/",
            "license": [
                "BSD-3-Clause"
            ],
            "authors": [
                {
                    "name": "Greg Sherwood",
                    "role": "Former lead"
                },
                {
                    "name": "Juliette Reinders Folmer",
                    "role": "Current lead"
                },
                {
                    "name": "Contributors",
                    "homepage": "https://github.com/PHPCSStandards/PHP_CodeSniffer/graphs/contributors"
                }
            ],
            "description": "PHP_CodeSniffer tokenizes PHP, JavaScript and CSS files and detects violations of a defined set of coding standards.",
            "homepage": "https://github.com/PHPCSStandards/PHP_CodeSniffer",
            "keywords": [
                "phpcs",
                "standards",
                "static analysis"
            ],
            "support": {
                "issues": "https://github.com/PHPCSStandards/PHP_CodeSniffer/issues",
                "security": "https://github.com/PHPCSStandards/PHP_CodeSniffer/security/policy",
                "source": "https://github.com/PHPCSStandards/PHP_CodeSniffer",
                "wiki": "https://github.com/PHPCSStandards/PHP_CodeSniffer/wiki"
            },
            "funding": [
                {
                    "url": "https://github.com/PHPCSStandards",
                    "type": "github"
                },
                {
                    "url": "https://github.com/jrfnl",
                    "type": "github"
                },
                {
                    "url": "https://opencollective.com/php_codesniffer",
                    "type": "open_collective"
                },
                {
                    "url": "https://thanks.dev/u/gh/phpcsstandards",
                    "type": "thanks_dev"
                }
            ],
            "time": "2025-04-13T04:10:18+00:00"
        }
    ],
    "aliases": [],
    "minimum-stability": "stable",
    "stability-flags": {},
    "prefer-stable": false,
    "prefer-lowest": false,
    "platform": {},
    "platform-dev": {},
    "plugin-api-version": "2.6.0"
}
